
Microsoft Visual Studio Solution File, Format Version 12.00
# Visual Studio Version 17
VisualStudioVersion = 17.6.33723.286
MinimumVisualStudioVersion = 10.0.40219.1
Project("{FAE04EC0-301F-11D3-BF4B-00C04F79EFBC}") = "IdentityCustomMVC", "IdentityCustomMVC\IdentityCustomMVC.csproj", "{FD9D87B6-A2CC-4A2B-BCBA-6346015C55AD}"
EndProject
Global
	GlobalSection(SolutionConfigurationPlatforms) = preSolution
		Debug|Any CPU = Debug|Any CPU
		Release|Any CPU = Release|Any CPU
	EndGlobalSection
	GlobalSection(ProjectConfigurationPlatforms) = postSolution
		{FD9D87B6-A2CC-4A2B-BCBA-6346015C55AD}.Debug|Any CPU.ActiveCfg = Debug|Any CPU
		{FD9D87B6-A2CC-4A2B-BCBA-6346015C55AD}.Debug|Any CPU.Build.0 = Debug|Any CPU
		{FD9D87B6-A2CC-4A2B-BCBA-6346015C55AD}.Release|Any CPU.ActiveCfg = Release|Any CPU
		{FD9D87B6-A2CC-4A2B-BCBA-6346015C55AD}.Release|Any CPU.Build.0 = Release|Any CPU
	EndGlobalSection
	GlobalSection(SolutionProperties) = preSolution
		HideSolutionNode = FALSE
	EndGlobalSection
	GlobalSection(ExtensibilityGlobals) = postSolution
		SolutionGuid = {3DC87E74-17A6-40CF-844C-210C5911C948}
	EndGlobalSection
EndGlobal
